// !$*UTF8*$!
{
	archiveVersion = 1;
	classes = {
	};
	objectVersion = 46;
	objects = {

/* Begin PBXBuildFile section */
		932C7C261E5B703E003668D5 /* DateFormatter+Addrass.swift in Sources */ = {isa = PBXBuildFile; fileRef = 932C7C251E5B703E003668D5 /* DateFormatter+Addrass.swift */; };
		932C7C281E5B7A30003668D5 /* Event+Factoring.swift in Sources */ = {isa = PBXBuildFile; fileRef = 932C7C271E5B7A30003668D5 /* Event+Factoring.swift */; };
		932C7C2A1E5B7A63003668D5 /* User+Factoring.swift in Sources */ = {isa = PBXBuildFile; fileRef = 932C7C291E5B7A63003668D5 /* User+Factoring.swift */; };
		932C7C2C1E5B8E17003668D5 /* APIManager+Members.swift in Sources */ = {isa = PBXBuildFile; fileRef = 932C7C2B1E5B8E17003668D5 /* APIManager+Members.swift */; };
		932C7C2E1E5B93E2003668D5 /* User+Hashable.swift in Sources */ = {isa = PBXBuildFile; fileRef = 932C7C2D1E5B93E2003668D5 /* User+Hashable.swift */; };
		9387B6EC1E4EFE99001FC066 /* APIManager+Users.swift in Sources */ = {isa = PBXBuildFile; fileRef = 9387B6EB1E4EFE99001FC066 /* APIManager+Users.swift */; };
		9387B6EE1E4EFED5001FC066 /* APIManager+Friends.swift in Sources */ = {isa = PBXBuildFile; fileRef = 9387B6ED1E4EFED5001FC066 /* APIManager+Friends.swift */; };
		9387B6F01E4EFEF4001FC066 /* APIManager+Events.swift in Sources */ = {isa = PBXBuildFile; fileRef = 9387B6EF1E4EFEF4001FC066 /* APIManager+Events.swift */; };
		9387B6F21E4F5160001FC066 /* UserEditViewController.swift in Sources */ = {isa = PBXBuildFile; fileRef = 9387B6F11E4F5160001FC066 /* UserEditViewController.swift */; };
		B619CBEE5453F21EFAE87D57 /* Pods_Addrass_iOS.framework in Frameworks */ = {isa = PBXBuildFile; fileRef = BB95753A457CE31A7FB75C79 /* Pods_Addrass_iOS.framework */; };
		F5020BA11E0497A000AB36F7 /* SessionManager.swift in Sources */ = {isa = PBXBuildFile; fileRef = F5020BA01E0497A000AB36F7 /* SessionManager.swift */; };
		F53B40131DDE447A00B500F9 /* CalendarViewController.swift in Sources */ = {isa = PBXBuildFile; fileRef = F53B40121DDE447A00B500F9 /* CalendarViewController.swift */; };
		F54045681DF2067B003C600F /* ScrollableContentViewController.swift in Sources */ = {isa = PBXBuildFile; fileRef = F54045671DF2067B003C600F /* ScrollableContentViewController.swift */; };
		F54083601DE36F4700A282DC /* CalendarWeekDayCell.swift in Sources */ = {isa = PBXBuildFile; fileRef = F540835F1DE36F4700A282DC /* CalendarWeekDayCell.swift */; };
		F54083621DE383B900A282DC /* CalendarWeekDaysCollectionViewLayout.swift in Sources */ = {isa = PBXBuildFile; fileRef = F54083611DE383B900A282DC /* CalendarWeekDaysCollectionViewLayout.swift */; };
		F55DC5BD1DDB7C970051276C /* UserDetailsViewController.swift in Sources */ = {isa = PBXBuildFile; fileRef = F55DC5BC1DDB7C970051276C /* UserDetailsViewController.swift */; };
		F57395891DDCDF7B008D79D5 /* UserInfoTableViewCell.swift in Sources */ = {isa = PBXBuildFile; fileRef = F57395881DDCDF7B008D79D5 /* UserInfoTableViewCell.swift */; };
		F5AFC9221DD39BE5005963BD /* FriendsViewController.swift in Sources */ = {isa = PBXBuildFile; fileRef = F5AFC9211DD39BE5005963BD /* FriendsViewController.swift */; };
		F5AFC9241DD39E41005963BD /* FriendTableViewCell.swift in Sources */ = {isa = PBXBuildFile; fileRef = F5AFC9231DD39E41005963BD /* FriendTableViewCell.swift */; };
		F5AFC9271DD39EC3005963BD /* User.swift in Sources */ = {isa = PBXBuildFile; fileRef = F5AFC9261DD39EC3005963BD /* User.swift */; };
		F5B392901DCF4926006621B5 /* UIFont+Addrass.swift in Sources */ = {isa = PBXBuildFile; fileRef = F5B3928F1DCF4926006621B5 /* UIFont+Addrass.swift */; };
		F5B392921DCF49F2006621B5 /* UIColor+Addrass.swift in Sources */ = {isa = PBXBuildFile; fileRef = F5B392911DCF49F2006621B5 /* UIColor+Addrass.swift */; };
		F5B392941DCF4F3A006621B5 /* String+AddrassLocalization.swift in Sources */ = {isa = PBXBuildFile; fileRef = F5B392931DCF4F3A006621B5 /* String+AddrassLocalization.swift */; };
		F5B392981DCF5B25006621B5 /* SignInViewController.swift in Sources */ = {isa = PBXBuildFile; fileRef = F5B392971DCF5B25006621B5 /* SignInViewController.swift */; };
		F5B3929A1DCF6210006621B5 /* ADPaddedTextField.swift in Sources */ = {isa = PBXBuildFile; fileRef = F5B392991DCF6210006621B5 /* ADPaddedTextField.swift */; };
		F5B3929D1DCFB3F9006621B5 /* RootNavigationViewController.swift in Sources */ = {isa = PBXBuildFile; fileRef = F5B3929C1DCFB3F9006621B5 /* RootNavigationViewController.swift */; };
		F5C4AF701DDF7DFA00C775DF /* CalendarMonthDayCell.swift in Sources */ = {isa = PBXBuildFile; fileRef = F5C4AF6F1DDF7DFA00C775DF /* CalendarMonthDayCell.swift */; };
		F5CC58361DE0451100133B01 /* Event.swift in Sources */ = {isa = PBXBuildFile; fileRef = F5CC58351DE0451100133B01 /* Event.swift */; };
		F5CC58391DE0463E00133B01 /* APIManager.swift in Sources */ = {isa = PBXBuildFile; fileRef = F5CC58381DE0463E00133B01 /* APIManager.swift */; };
		F5CC583C1DE0484200133B01 /* EventDetailsViewController.swift in Sources */ = {isa = PBXBuildFile; fileRef = F5CC583B1DE0484200133B01 /* EventDetailsViewController.swift */; };
		F5CC58421DE0488100133B01 /* EventEditViewController.swift in Sources */ = {isa = PBXBuildFile; fileRef = F5CC58411DE0488100133B01 /* EventEditViewController.swift */; };
		F5CC58441DE049EB00133B01 /* CommonTabBarViewController.swift in Sources */ = {isa = PBXBuildFile; fileRef = F5CC58431DE049EB00133B01 /* CommonTabBarViewController.swift */; };
		F5CE1EA61DD06E6B001A81C0 /* SignUpViewController.swift in Sources */ = {isa = PBXBuildFile; fileRef = F5CE1EA51DD06E6B001A81C0 /* SignUpViewController.swift */; };
		F5CE1EA81DD08A0A001A81C0 /* UIView+Addrass.swift in Sources */ = {isa = PBXBuildFile; fileRef = F5CE1EA71DD08A0A001A81C0 /* UIView+Addrass.swift */; };
		F5DAD16D1E054B6500752EDE /* AlertExtensions.swift in Sources */ = {isa = PBXBuildFile; fileRef = F5DAD16C1E054B6500752EDE /* AlertExtensions.swift */; };
		F5EC09591DCE81EA003C8DD9 /* WelcomeViewController.swift in Sources */ = {isa = PBXBuildFile; fileRef = F5EC09581DCE81EA003C8DD9 /* WelcomeViewController.swift */; };
		F5FEAD4C1DE98BA600901069 /* EventTableViewCell.swift in Sources */ = {isa = PBXBuildFile; fileRef = F5FEAD4B1DE98BA500901069 /* EventTableViewCell.swift */; };
		F5FEAD4E1DE98BF900901069 /* ADTableViewCell.swift in Sources */ = {isa = PBXBuildFile; fileRef = F5FEAD4D1DE98BF900901069 /* ADTableViewCell.swift */; };
		F5FF3D541DCE7EC200BAD7B9 /* AppDelegate.swift in Sources */ = {isa = PBXBuildFile; fileRef = F5FF3D531DCE7EC200BAD7B9 /* AppDelegate.swift */; };
		F5FF3D5B1DCE7EC200BAD7B9 /* Assets.xcassets in Resources */ = {isa = PBXBuildFile; fileRef = F5FF3D5A1DCE7EC200BAD7B9 /* Assets.xcassets */; };
		F5FF3D5E1DCE7EC200BAD7B9 /* LaunchScreen.storyboard in Resources */ = {isa = PBXBuildFile; fileRef = F5FF3D5C1DCE7EC200BAD7B9 /* LaunchScreen.storyboard */; };
/* End PBXBuildFile section */

/* Begin PBXFileReference section */
		13B86A992DA0B6D58BD27562 /* Pods-Addrass-iOS.debug.xcconfig */ = {isa = PBXFileReference; includeInIndex = 1; lastKnownFileType = text.xcconfig; name = "Pods-Addrass-iOS.debug.xcconfig"; path = "Pods/Target Support Files/Pods-Addrass-iOS/Pods-Addrass-iOS.debug.xcconfig"; sourceTree = "<group>"; };
		932C7C251E5B703E003668D5 /* DateFormatter+Addrass.swift */ = {isa = PBXFileReference; fileEncoding = 4; lastKnownFileType = sourcecode.swift; path = "DateFormatter+Addrass.swift"; sourceTree = "<group>"; };
		932C7C271E5B7A30003668D5 /* Event+Factoring.swift */ = {isa = PBXFileReference; fileEncoding = 4; lastKnownFileType = sourcecode.swift; path = "Event+Factoring.swift"; sourceTree = "<group>"; };
		932C7C291E5B7A63003668D5 /* User+Factoring.swift */ = {isa = PBXFileReference; fileEncoding = 4; lastKnownFileType = sourcecode.swift; path = "User+Factoring.swift"; sourceTree = "<group>"; };
		932C7C2B1E5B8E17003668D5 /* APIManager+Members.swift */ = {isa = PBXFileReference; fileEncoding = 4; lastKnownFileType = sourcecode.swift; path = "APIManager+Members.swift"; sourceTree = "<group>"; };
		932C7C2D1E5B93E2003668D5 /* User+Hashable.swift */ = {isa = PBXFileReference; fileEncoding = 4; lastKnownFileType = sourcecode.swift; path = "User+Hashable.swift"; sourceTree = "<group>"; };
		9387B6EB1E4EFE99001FC066 /* APIManager+Users.swift */ = {isa = PBXFileReference; fileEncoding = 4; lastKnownFileType = sourcecode.swift; path = "APIManager+Users.swift"; sourceTree = "<group>"; };
		9387B6ED1E4EFED5001FC066 /* APIManager+Friends.swift */ = {isa = PBXFileReference; fileEncoding = 4; lastKnownFileType = sourcecode.swift; path = "APIManager+Friends.swift"; sourceTree = "<group>"; };
		9387B6EF1E4EFEF4001FC066 /* APIManager+Events.swift */ = {isa = PBXFileReference; fileEncoding = 4; lastKnownFileType = sourcecode.swift; path = "APIManager+Events.swift"; sourceTree = "<group>"; };
		9387B6F11E4F5160001FC066 /* UserEditViewController.swift */ = {isa = PBXFileReference; fileEncoding = 4; lastKnownFileType = sourcecode.swift; path = UserEditViewController.swift; sourceTree = "<group>"; };
		BB95753A457CE31A7FB75C79 /* Pods_Addrass_iOS.framework */ = {isa = PBXFileReference; explicitFileType = wrapper.framework; includeInIndex = 0; path = Pods_Addrass_iOS.framework; sourceTree = BUILT_PRODUCTS_DIR; };
		BBBB1F8BDF1D554F741711A1 /* Pods-Addrass-iOS.release.xcconfig */ = {isa = PBXFileReference; includeInIndex = 1; lastKnownFileType = text.xcconfig; name = "Pods-Addrass-iOS.release.xcconfig"; path = "Pods/Target Support Files/Pods-Addrass-iOS/Pods-Addrass-iOS.release.xcconfig"; sourceTree = "<group>"; };
		F5020BA01E0497A000AB36F7 /* SessionManager.swift */ = {isa = PBXFileReference; fileEncoding = 4; lastKnownFileType = sourcecode.swift; path = SessionManager.swift; sourceTree = "<group>"; };
		F53B40121DDE447A00B500F9 /* CalendarViewController.swift */ = {isa = PBXFileReference; fileEncoding = 4; lastKnownFileType = sourcecode.swift; path = CalendarViewController.swift; sourceTree = "<group>"; };
		F54045671DF2067B003C600F /* ScrollableContentViewController.swift */ = {isa = PBXFileReference; fileEncoding = 4; lastKnownFileType = sourcecode.swift; path = ScrollableContentViewController.swift; sourceTree = "<group>"; };
		F540835F1DE36F4700A282DC /* CalendarWeekDayCell.swift */ = {isa = PBXFileReference; fileEncoding = 4; lastKnownFileType = sourcecode.swift; path = CalendarWeekDayCell.swift; sourceTree = "<group>"; };
		F54083611DE383B900A282DC /* CalendarWeekDaysCollectionViewLayout.swift */ = {isa = PBXFileReference; fileEncoding = 4; lastKnownFileType = sourcecode.swift; path = CalendarWeekDaysCollectionViewLayout.swift; sourceTree = "<group>"; };
		F55DC5BC1DDB7C970051276C /* UserDetailsViewController.swift */ = {isa = PBXFileReference; fileEncoding = 4; lastKnownFileType = sourcecode.swift; path = UserDetailsViewController.swift; sourceTree = "<group>"; };
		F57395881DDCDF7B008D79D5 /* UserInfoTableViewCell.swift */ = {isa = PBXFileReference; fileEncoding = 4; lastKnownFileType = sourcecode.swift; path = UserInfoTableViewCell.swift; sourceTree = "<group>"; };
		F5AFC9211DD39BE5005963BD /* FriendsViewController.swift */ = {isa = PBXFileReference; fileEncoding = 4; lastKnownFileType = sourcecode.swift; path = FriendsViewController.swift; sourceTree = "<group>"; };
		F5AFC9231DD39E41005963BD /* FriendTableViewCell.swift */ = {isa = PBXFileReference; fileEncoding = 4; lastKnownFileType = sourcecode.swift; path = FriendTableViewCell.swift; sourceTree = "<group>"; };
		F5AFC9261DD39EC3005963BD /* User.swift */ = {isa = PBXFileReference; fileEncoding = 4; lastKnownFileType = sourcecode.swift; path = User.swift; sourceTree = "<group>"; };
		F5B3928F1DCF4926006621B5 /* UIFont+Addrass.swift */ = {isa = PBXFileReference; fileEncoding = 4; lastKnownFileType = sourcecode.swift; path = "UIFont+Addrass.swift"; sourceTree = "<group>"; };
		F5B392911DCF49F2006621B5 /* UIColor+Addrass.swift */ = {isa = PBXFileReference; fileEncoding = 4; lastKnownFileType = sourcecode.swift; path = "UIColor+Addrass.swift"; sourceTree = "<group>"; };
		F5B392931DCF4F3A006621B5 /* String+AddrassLocalization.swift */ = {isa = PBXFileReference; fileEncoding = 4; lastKnownFileType = sourcecode.swift; path = "String+AddrassLocalization.swift"; sourceTree = "<group>"; };
		F5B392971DCF5B25006621B5 /* SignInViewController.swift */ = {isa = PBXFileReference; fileEncoding = 4; lastKnownFileType = sourcecode.swift; path = SignInViewController.swift; sourceTree = "<group>"; };
		F5B392991DCF6210006621B5 /* ADPaddedTextField.swift */ = {isa = PBXFileReference; fileEncoding = 4; lastKnownFileType = sourcecode.swift; path = ADPaddedTextField.swift; sourceTree = "<group>"; };
		F5B3929C1DCFB3F9006621B5 /* RootNavigationViewController.swift */ = {isa = PBXFileReference; fileEncoding = 4; lastKnownFileType = sourcecode.swift; path = RootNavigationViewController.swift; sourceTree = "<group>"; };
		F5C4AF6F1DDF7DFA00C775DF /* CalendarMonthDayCell.swift */ = {isa = PBXFileReference; fileEncoding = 4; lastKnownFileType = sourcecode.swift; path = CalendarMonthDayCell.swift; sourceTree = "<group>"; };
		F5CC58351DE0451100133B01 /* Event.swift */ = {isa = PBXFileReference; fileEncoding = 4; lastKnownFileType = sourcecode.swift; path = Event.swift; sourceTree = "<group>"; };
		F5CC58381DE0463E00133B01 /* APIManager.swift */ = {isa = PBXFileReference; fileEncoding = 4; lastKnownFileType = sourcecode.swift; path = APIManager.swift; sourceTree = "<group>"; };
		F5CC583B1DE0484200133B01 /* EventDetailsViewController.swift */ = {isa = PBXFileReference; fileEncoding = 4; lastKnownFileType = sourcecode.swift; path = EventDetailsViewController.swift; sourceTree = "<group>"; };
		F5CC58411DE0488100133B01 /* EventEditViewController.swift */ = {isa = PBXFileReference; fileEncoding = 4; lastKnownFileType = sourcecode.swift; path = EventEditViewController.swift; sourceTree = "<group>"; };
		F5CC58431DE049EB00133B01 /* CommonTabBarViewController.swift */ = {isa = PBXFileReference; fileEncoding = 4; lastKnownFileType = sourcecode.swift; path = CommonTabBarViewController.swift; sourceTree = "<group>"; };
		F5CE1EA51DD06E6B001A81C0 /* SignUpViewController.swift */ = {isa = PBXFileReference; fileEncoding = 4; lastKnownFileType = sourcecode.swift; path = SignUpViewController.swift; sourceTree = "<group>"; };
		F5CE1EA71DD08A0A001A81C0 /* UIView+Addrass.swift */ = {isa = PBXFileReference; fileEncoding = 4; lastKnownFileType = sourcecode.swift; path = "UIView+Addrass.swift"; sourceTree = "<group>"; };
		F5DAD16C1E054B6500752EDE /* AlertExtensions.swift */ = {isa = PBXFileReference; fileEncoding = 4; lastKnownFileType = sourcecode.swift; path = AlertExtensions.swift; sourceTree = "<group>"; };
		F5EC09581DCE81EA003C8DD9 /* WelcomeViewController.swift */ = {isa = PBXFileReference; fileEncoding = 4; lastKnownFileType = sourcecode.swift; path = WelcomeViewController.swift; sourceTree = "<group>"; };
		F5FEAD4B1DE98BA500901069 /* EventTableViewCell.swift */ = {isa = PBXFileReference; fileEncoding = 4; lastKnownFileType = sourcecode.swift; path = EventTableViewCell.swift; sourceTree = "<group>"; };
		F5FEAD4D1DE98BF900901069 /* ADTableViewCell.swift */ = {isa = PBXFileReference; fileEncoding = 4; lastKnownFileType = sourcecode.swift; path = ADTableViewCell.swift; sourceTree = "<group>"; };
		F5FF3D501DCE7EC200BAD7B9 /* Addrass-iOS.app */ = {isa = PBXFileReference; explicitFileType = wrapper.application; includeInIndex = 0; path = "Addrass-iOS.app"; sourceTree = BUILT_PRODUCTS_DIR; };
		F5FF3D531DCE7EC200BAD7B9 /* AppDelegate.swift */ = {isa = PBXFileReference; lastKnownFileType = sourcecode.swift; path = AppDelegate.swift; sourceTree = "<group>"; };
		F5FF3D5A1DCE7EC200BAD7B9 /* Assets.xcassets */ = {isa = PBXFileReference; lastKnownFileType = folder.assetcatalog; path = Assets.xcassets; sourceTree = "<group>"; };
		F5FF3D5D1DCE7EC200BAD7B9 /* Base */ = {isa = PBXFileReference; lastKnownFileType = file.storyboard; name = Base; path = Base.lproj/LaunchScreen.storyboard; sourceTree = "<group>"; };
		F5FF3D5F1DCE7EC200BAD7B9 /* Info.plist */ = {isa = PBXFileReference; lastKnownFileType = text.plist.xml; path = Info.plist; sourceTree = "<group>"; };
/* End PBXFileReference section */

/* Begin PBXFrameworksBuildPhase section */
		F5FF3D4D1DCE7EC200BAD7B9 /* Frameworks */ = {
			isa = PBXFrameworksBuildPhase;
			buildActionMask = 2147483647;
			files = (
				B619CBEE5453F21EFAE87D57 /* Pods_Addrass_iOS.framework in Frameworks */,
			);
			runOnlyForDeploymentPostprocessing = 0;
		};
/* End PBXFrameworksBuildPhase section */

/* Begin PBXGroup section */
		4CF801A69C65F78A1646FED9 /* Frameworks */ = {
			isa = PBXGroup;
			children = (
				BB95753A457CE31A7FB75C79 /* Pods_Addrass_iOS.framework */,
			);
			name = Frameworks;
			sourceTree = "<group>";
		};
		E8CFA3FA57651E05C764DF20 /* Pods */ = {
			isa = PBXGroup;
			children = (
				13B86A992DA0B6D58BD27562 /* Pods-Addrass-iOS.debug.xcconfig */,
				BBBB1F8BDF1D554F741711A1 /* Pods-Addrass-iOS.release.xcconfig */,
			);
			name = Pods;
			sourceTree = "<group>";
		};
		F5020B9F1E04974000AB36F7 /* Managers */ = {
			isa = PBXGroup;
			children = (
				F5020BA01E0497A000AB36F7 /* SessionManager.swift */,
			);
			name = Managers;
			sourceTree = "<group>";
		};
		F53B40111DDE445D00B500F9 /* Calendar */ = {
			isa = PBXGroup;
			children = (
				F53B40121DDE447A00B500F9 /* CalendarViewController.swift */,
				F5C4AF6F1DDF7DFA00C775DF /* CalendarMonthDayCell.swift */,
				F540835F1DE36F4700A282DC /* CalendarWeekDayCell.swift */,
				F54083611DE383B900A282DC /* CalendarWeekDaysCollectionViewLayout.swift */,
			);
			name = Calendar;
			sourceTree = "<group>";
		};
		F55DC5BA1DDB7C580051276C /* List */ = {
			isa = PBXGroup;
			children = (
				F5AFC9211DD39BE5005963BD /* FriendsViewController.swift */,
				F5AFC9231DD39E41005963BD /* FriendTableViewCell.swift */,
			);
			name = List;
			sourceTree = "<group>";
		};
		F55DC5BB1DDB7C630051276C /* Details */ = {
			isa = PBXGroup;
			children = (
				9387B6F11E4F5160001FC066 /* UserEditViewController.swift */,
				F55DC5BC1DDB7C970051276C /* UserDetailsViewController.swift */,
				F57395881DDCDF7B008D79D5 /* UserInfoTableViewCell.swift */,
			);
			name = Details;
			sourceTree = "<group>";
		};
		F56275DB1DCFE4E700B1B6F9 /* Sign Up */ = {
			isa = PBXGroup;
			children = (
				F5CE1EA51DD06E6B001A81C0 /* SignUpViewController.swift */,
			);
			name = "Sign Up";
			sourceTree = "<group>";
		};
		F5AFC9201DD39BC7005963BD /* Users */ = {
			isa = PBXGroup;
			children = (
				F55DC5BB1DDB7C630051276C /* Details */,
				F55DC5BA1DDB7C580051276C /* List */,
			);
			name = Users;
			sourceTree = "<group>";
		};
		F5AFC9251DD39EB7005963BD /* Model */ = {
			isa = PBXGroup;
			children = (
				F5AFC9261DD39EC3005963BD /* User.swift */,
				F5CC58351DE0451100133B01 /* Event.swift */,
				932C7C271E5B7A30003668D5 /* Event+Factoring.swift */,
				932C7C291E5B7A63003668D5 /* User+Factoring.swift */,
				932C7C2D1E5B93E2003668D5 /* User+Hashable.swift */,
			);
			name = Model;
			sourceTree = "<group>";
		};
		F5B3928E1DCF490A006621B5 /* Helpers */ = {
			isa = PBXGroup;
			children = (
				F5B3928F1DCF4926006621B5 /* UIFont+Addrass.swift */,
				F5B392911DCF49F2006621B5 /* UIColor+Addrass.swift */,
				F5B392931DCF4F3A006621B5 /* String+AddrassLocalization.swift */,
				F5CE1EA71DD08A0A001A81C0 /* UIView+Addrass.swift */,
				F5DAD16C1E054B6500752EDE /* AlertExtensions.swift */,
				932C7C251E5B703E003668D5 /* DateFormatter+Addrass.swift */,
			);
			name = Helpers;
			sourceTree = "<group>";
		};
		F5B392951DCF57EC006621B5 /* Scenes */ = {
			isa = PBXGroup;
			children = (
				F5B3929C1DCFB3F9006621B5 /* RootNavigationViewController.swift */,
				F5EC09571DCE81C2003C8DD9 /* Welcome */,
				F5AFC9201DD39BC7005963BD /* Users */,
				F53B40111DDE445D00B500F9 /* Calendar */,
				F5CC583A1DE0480D00133B01 /* Events */,
				F5CC58431DE049EB00133B01 /* CommonTabBarViewController.swift */,
				F54045671DF2067B003C600F /* ScrollableContentViewController.swift */,
			);
			name = Scenes;
			sourceTree = "<group>";
		};
		F5B392961DCF5B11006621B5 /* Sign In */ = {
			isa = PBXGroup;
			children = (
				F5B392971DCF5B25006621B5 /* SignInViewController.swift */,
			);
			name = "Sign In";
			sourceTree = "<group>";
		};
		F5B3929B1DCF6484006621B5 /* Views */ = {
			isa = PBXGroup;
			children = (
				F5B392991DCF6210006621B5 /* ADPaddedTextField.swift */,
				F5FEAD4D1DE98BF900901069 /* ADTableViewCell.swift */,
			);
			name = Views;
			sourceTree = "<group>";
		};
		F5CC58371DE0463000133B01 /* API */ = {
			isa = PBXGroup;
			children = (
				F5CC58381DE0463E00133B01 /* APIManager.swift */,
				9387B6EB1E4EFE99001FC066 /* APIManager+Users.swift */,
				9387B6ED1E4EFED5001FC066 /* APIManager+Friends.swift */,
				9387B6EF1E4EFEF4001FC066 /* APIManager+Events.swift */,
				932C7C2B1E5B8E17003668D5 /* APIManager+Members.swift */,
			);
			name = API;
			sourceTree = "<group>";
		};
		F5CC583A1DE0480D00133B01 /* Events */ = {
			isa = PBXGroup;
			children = (
				F5FEAD4A1DE98B8600901069 /* List */,
				F5CC583D1DE0484600133B01 /* Details */,
			);
			name = Events;
			sourceTree = "<group>";
		};
		F5CC583D1DE0484600133B01 /* Details */ = {
			isa = PBXGroup;
			children = (
				F5CC583B1DE0484200133B01 /* EventDetailsViewController.swift */,
				F5CC58411DE0488100133B01 /* EventEditViewController.swift */,
			);
			name = Details;
			sourceTree = "<group>";
		};
		F5EC09571DCE81C2003C8DD9 /* Welcome */ = {
			isa = PBXGroup;
			children = (
				F5B392961DCF5B11006621B5 /* Sign In */,
				F56275DB1DCFE4E700B1B6F9 /* Sign Up */,
				F5EC09581DCE81EA003C8DD9 /* WelcomeViewController.swift */,
			);
			name = Welcome;
			sourceTree = "<group>";
		};
		F5FEAD4A1DE98B8600901069 /* List */ = {
			isa = PBXGroup;
			children = (
				F5FEAD4B1DE98BA500901069 /* EventTableViewCell.swift */,
			);
			name = List;
			sourceTree = "<group>";
		};
		F5FF3D471DCE7EC200BAD7B9 = {
			isa = PBXGroup;
			children = (
				F5FF3D521DCE7EC200BAD7B9 /* Addrass-iOS */,
				F5FF3D511DCE7EC200BAD7B9 /* Products */,
				E8CFA3FA57651E05C764DF20 /* Pods */,
				4CF801A69C65F78A1646FED9 /* Frameworks */,
			);
			sourceTree = "<group>";
		};
		F5FF3D511DCE7EC200BAD7B9 /* Products */ = {
			isa = PBXGroup;
			children = (
				F5FF3D501DCE7EC200BAD7B9 /* Addrass-iOS.app */,
			);
			name = Products;
			sourceTree = "<group>";
		};
		F5FF3D521DCE7EC200BAD7B9 /* Addrass-iOS */ = {
			isa = PBXGroup;
			children = (
				F5020B9F1E04974000AB36F7 /* Managers */,
				F5CC58371DE0463000133B01 /* API */,
				F5AFC9251DD39EB7005963BD /* Model */,
				F5B392951DCF57EC006621B5 /* Scenes */,
				F5B3929B1DCF6484006621B5 /* Views */,
				F5B3928E1DCF490A006621B5 /* Helpers */,
				F5FF3D531DCE7EC200BAD7B9 /* AppDelegate.swift */,
				F5FF3D5A1DCE7EC200BAD7B9 /* Assets.xcassets */,
				F5FF3D5C1DCE7EC200BAD7B9 /* LaunchScreen.storyboard */,
				F5FF3D5F1DCE7EC200BAD7B9 /* Info.plist */,
			);
			path = "Addrass-iOS";
			sourceTree = "<group>";
		};
/* End PBXGroup section */

/* Begin PBXNativeTarget section */
		F5FF3D4F1DCE7EC200BAD7B9 /* Addrass-iOS */ = {
			isa = PBXNativeTarget;
			buildConfigurationList = F5FF3D621DCE7EC200BAD7B9 /* Build configuration list for PBXNativeTarget "Addrass-iOS" */;
			buildPhases = (
				5E4EB920486F85467229D07C /* [CP] Check Pods Manifest.lock */,
				F5FF3D4C1DCE7EC200BAD7B9 /* Sources */,
				F5FF3D4D1DCE7EC200BAD7B9 /* Frameworks */,
				F5FF3D4E1DCE7EC200BAD7B9 /* Resources */,
				3B794A7BB6A19E45D0D6BB0E /* [CP] Embed Pods Frameworks */,
				AD3BB9D268A835849FC89941 /* [CP] Copy Pods Resources */,
			);
			buildRules = (
			);
			dependencies = (
			);
			name = "Addrass-iOS";
			productName = "Addrass-iOS";
			productReference = F5FF3D501DCE7EC200BAD7B9 /* Addrass-iOS.app */;
			productType = "com.apple.product-type.application";
		};
/* End PBXNativeTarget section */

/* Begin PBXProject section */
		F5FF3D481DCE7EC200BAD7B9 /* Project object */ = {
			isa = PBXProject;
			attributes = {
				LastSwiftUpdateCheck = 0800;
				LastUpgradeCheck = 0800;
				ORGANIZATIONNAME = bsu;
				TargetAttributes = {
					F5FF3D4F1DCE7EC200BAD7B9 = {
						CreatedOnToolsVersion = 8.0;
						DevelopmentTeam = XFNSPDJ95E;
						LastSwiftMigration = 0800;
						ProvisioningStyle = Automatic;
					};
				};
			};
			buildConfigurationList = F5FF3D4B1DCE7EC200BAD7B9 /* Build configuration list for PBXProject "Addrass-iOS" */;
			compatibilityVersion = "Xcode 3.2";
			developmentRegion = English;
			hasScannedForEncodings = 0;
			knownRegions = (
				en,
				Base,
			);
			mainGroup = F5FF3D471DCE7EC200BAD7B9;
			productRefGroup = F5FF3D511DCE7EC200BAD7B9 /* Products */;
			projectDirPath = "";
			projectRoot = "";
			targets = (
				F5FF3D4F1DCE7EC200BAD7B9 /* Addrass-iOS */,
			);
		};
/* End PBXProject section */

/* Begin PBXResourcesBuildPhase section */
		F5FF3D4E1DCE7EC200BAD7B9 /* Resources */ = {
			isa = PBXResourcesBuildPhase;
			buildActionMask = 2147483647;
			files = (
				F5FF3D5E1DCE7EC200BAD7B9 /* LaunchScreen.storyboard in Resources */,
				F5FF3D5B1DCE7EC200BAD7B9 /* Assets.xcassets in Resources */,
			);
			runOnlyForDeploymentPostprocessing = 0;
		};
/* End PBXResourcesBuildPhase section */

/* Begin PBXShellScriptBuildPhase section */
		3B794A7BB6A19E45D0D6BB0E /* [CP] Embed Pods Frameworks */ = {
			isa = PBXShellScriptBuildPhase;
			buildActionMask = 2147483647;
			files = (
			);
			inputPaths = (
			);
			name = "[CP] Embed Pods Frameworks";
			outputPaths = (
			);
			runOnlyForDeploymentPostprocessing = 0;
			shellPath = /bin/sh;
			shellScript = "\"${SRCROOT}/Pods/Target Support Files/Pods-Addrass-iOS/Pods-Addrass-iOS-frameworks.sh\"\n";
			showEnvVarsInLog = 0;
		};
		5E4EB920486F85467229D07C /* [CP] Check Pods Manifest.lock */ = {
			isa = PBXShellScriptBuildPhase;
			buildActionMask = 2147483647;
			files = (
			);
			inputPaths = (
			);
			name = "[CP] Check Pods Manifest.lock";
			outputPaths = (
			);
			runOnlyForDeploymentPostprocessing = 0;
			shellPath = /bin/sh;
			shellScript = "diff \"${PODS_ROOT}/../Podfile.lock\" \"${PODS_ROOT}/Manifest.lock\" > /dev/null\nif [ $? != 0 ] ; then\n    # print error to STDERR\n    echo \"error: The sandbox is not in sync with the Podfile.lock. Run 'pod install' or update your CocoaPods installation.\" >&2\n    exit 1\nfi\n";
			showEnvVarsInLog = 0;
		};
		AD3BB9D268A835849FC89941 /* [CP] Copy Pods Resources */ = {
			isa = PBXShellScriptBuildPhase;
			buildActionMask = 2147483647;
			files = (
			);
			inputPaths = (
			);
			name = "[CP] Copy Pods Resources";
			outputPaths = (
			);
			runOnlyForDeploymentPostprocessing = 0;
			shellPath = /bin/sh;
			shellScript = "\"${SRCROOT}/Pods/Target Support Files/Pods-Addrass-iOS/Pods-Addrass-iOS-resources.sh\"\n";
			showEnvVarsInLog = 0;
		};
/* End PBXShellScriptBuildPhase section */

/* Begin PBXSourcesBuildPhase section */
		F5FF3D4C1DCE7EC200BAD7B9 /* Sources */ = {
			isa = PBXSourcesBuildPhase;
			buildActionMask = 2147483647;
			files = (
				F5C4AF701DDF7DFA00C775DF /* CalendarMonthDayCell.swift in Sources */,
				F5FEAD4E1DE98BF900901069 /* ADTableViewCell.swift in Sources */,
				932C7C2E1E5B93E2003668D5 /* User+Hashable.swift in Sources */,
				F5CC58391DE0463E00133B01 /* APIManager.swift in Sources */,
				932C7C261E5B703E003668D5 /* DateFormatter+Addrass.swift in Sources */,
				F53B40131DDE447A00B500F9 /* CalendarViewController.swift in Sources */,
				F5AFC9271DD39EC3005963BD /* User.swift in Sources */,
				F5020BA11E0497A000AB36F7 /* SessionManager.swift in Sources */,
				F5FEAD4C1DE98BA600901069 /* EventTableViewCell.swift in Sources */,
				F5AFC9241DD39E41005963BD /* FriendTableViewCell.swift in Sources */,
				F5B3929D1DCFB3F9006621B5 /* RootNavigationViewController.swift in Sources */,
				9387B6F01E4EFEF4001FC066 /* APIManager+Events.swift in Sources */,
				F5AFC9221DD39BE5005963BD /* FriendsViewController.swift in Sources */,
				F5EC09591DCE81EA003C8DD9 /* WelcomeViewController.swift in Sources */,
				F5CC58441DE049EB00133B01 /* CommonTabBarViewController.swift in Sources */,
				F5FF3D541DCE7EC200BAD7B9 /* AppDelegate.swift in Sources */,
				F5CE1EA81DD08A0A001A81C0 /* UIView+Addrass.swift in Sources */,
				F54083621DE383B900A282DC /* CalendarWeekDaysCollectionViewLayout.swift in Sources */,
				932C7C2C1E5B8E17003668D5 /* APIManager+Members.swift in Sources */,
				9387B6EC1E4EFE99001FC066 /* APIManager+Users.swift in Sources */,
				F5B392981DCF5B25006621B5 /* SignInViewController.swift in Sources */,
				F5CC58361DE0451100133B01 /* Event.swift in Sources */,
				F57395891DDCDF7B008D79D5 /* UserInfoTableViewCell.swift in Sources */,
				9387B6EE1E4EFED5001FC066 /* APIManager+Friends.swift in Sources */,
				F54045681DF2067B003C600F /* ScrollableContentViewController.swift in Sources */,
				F55DC5BD1DDB7C970051276C /* UserDetailsViewController.swift in Sources */,
				F5B392921DCF49F2006621B5 /* UIColor+Addrass.swift in Sources */,
				F54083601DE36F4700A282DC /* CalendarWeekDayCell.swift in Sources */,
				F5B392941DCF4F3A006621B5 /* String+AddrassLocalization.swift in Sources */,
				F5CC583C1DE0484200133B01 /* EventDetailsViewController.swift in Sources */,
				F5CE1EA61DD06E6B001A81C0 /* SignUpViewController.swift in Sources */,
				F5DAD16D1E054B6500752EDE /* AlertExtensions.swift in Sources */,
				F5CC58421DE0488100133B01 /* EventEditViewController.swift in Sources */,
				932C7C281E5B7A30003668D5 /* Event+Factoring.swift in Sources */,
				F5B392901DCF4926006621B5 /* UIFont+Addrass.swift in Sources */,
				F5B3929A1DCF6210006621B5 /* ADPaddedTextField.swift in Sources */,
				932C7C2A1E5B7A63003668D5 /* User+Factoring.swift in Sources */,
				9387B6F21E4F5160001FC066 /* UserEditViewController.swift in Sources */,
			);
			runOnlyForDeploymentPostprocessing = 0;
		};
/* End PBXSourcesBuildPhase section */

/* Begin PBXVariantGroup section */
		F5FF3D5C1DCE7EC200BAD7B9 /* LaunchScreen.storyboard */ = {
			isa = PBXVariantGroup;
			children = (
				F5FF3D5D1DCE7EC200BAD7B9 /* Base */,
			);
			name = LaunchScreen.storyboard;
			sourceTree = "<group>";
		};
/* End PBXVariantGroup section */

/* Begin XCBuildConfiguration section */
		F5FF3D601DCE7EC200BAD7B9 /* Debug */ = {
			isa = XCBuildConfiguration;
			buildSettings = {
				ALWAYS_SEARCH_USER_PATHS = NO;
				CLANG_ANALYZER_NONNULL = YES;
				CLANG_CXX_LANGUAGE_STANDARD = "gnu++0x";
				CLANG_CXX_LIBRARY = "libc++";
				CLANG_ENABLE_MODULES = YES;
				CLANG_ENABLE_OBJC_ARC = YES;
				CLANG_WARN_BOOL_CONVERSION = YES;
				CLANG_WARN_CONSTANT_CONVERSION = YES;
				CLANG_WARN_DIRECT_OBJC_ISA_USAGE = YES_ERROR;
				CLANG_WARN_DOCUMENTATION_COMMENTS = YES;
				CLANG_WARN_EMPTY_BODY = YES;
				CLANG_WARN_ENUM_CONVERSION = YES;
				CLANG_WARN_INFINITE_RECURSION = YES;
				CLANG_WARN_INT_CONVERSION = YES;
				CLANG_WARN_OBJC_ROOT_CLASS = YES_ERROR;
				CLANG_WARN_SUSPICIOUS_MOVE = YES;
				CLANG_WARN_SUSPICIOUS_MOVES = YES;
				CLANG_WARN_UNREACHABLE_CODE = YES;
				CLANG_WARN__DUPLICATE_METHOD_MATCH = YES;
				"CODE_SIGN_IDENTITY[sdk=iphoneos*]" = "iPhone Developer";
				COPY_PHASE_STRIP = NO;
				DEBUG_INFORMATION_FORMAT = dwarf;
				ENABLE_STRICT_OBJC_MSGSEND = YES;
				ENABLE_TESTABILITY = YES;
				GCC_C_LANGUAGE_STANDARD = gnu99;
				GCC_DYNAMIC_NO_PIC = NO;
				GCC_NO_COMMON_BLOCKS = YES;
				GCC_OPTIMIZATION_LEVEL = 0;
				GCC_PREPROCESSOR_DEFINITIONS = (
					"DEBUG=1",
					"$(inherited)",
				);
				GCC_WARN_64_TO_32_BIT_CONVERSION = YES;
				GCC_WARN_ABOUT_RETURN_TYPE = YES_ERROR;
				GCC_WARN_UNDECLARED_SELECTOR = YES;
				GCC_WARN_UNINITIALIZED_AUTOS = YES_AGGRESSIVE;
				GCC_WARN_UNUSED_FUNCTION = YES;
				GCC_WARN_UNUSED_VARIABLE = YES;
				IPHONEOS_DEPLOYMENT_TARGET = 9.0;
				MTL_ENABLE_DEBUG_INFO = YES;
				ONLY_ACTIVE_ARCH = YES;
				SDKROOT = iphoneos;
				SWIFT_ACTIVE_COMPILATION_CONDITIONS = DEBUG;
				SWIFT_OPTIMIZATION_LEVEL = "-Onone";
			};
			name = Debug;
		};
		F5FF3D611DCE7EC200BAD7B9 /* Release */ = {
			isa = XCBuildConfiguration;
			buildSettings = {
				ALWAYS_SEARCH_USER_PATHS = NO;
				CLANG_ANALYZER_NONNULL = YES;
				CLANG_CXX_LANGUAGE_STANDARD = "gnu++0x";
				CLANG_CXX_LIBRARY = "libc++";
				CLANG_ENABLE_MODULES = YES;
				CLANG_ENABLE_OBJC_ARC = YES;
				CLANG_WARN_BOOL_CONVERSION = YES;
				CLANG_WARN_CONSTANT_CONVERSION = YES;
				CLANG_WARN_DIRECT_OBJC_ISA_USAGE = YES_ERROR;
				CLANG_WARN_DOCUMENTATION_COMMENTS = YES;
				CLANG_WARN_EMPTY_BODY = YES;
				CLANG_WARN_ENUM_CONVERSION = YES;
				CLANG_WARN_INFINITE_RECURSION = YES;
				CLANG_WARN_INT_CONVERSION = YES;
				CLANG_WARN_OBJC_ROOT_CLASS = YES_ERROR;
				CLANG_WARN_SUSPICIOUS_MOVE = YES;
				CLANG_WARN_SUSPICIOUS_MOVES = YES;
				CLANG_WARN_UNREACHABLE_CODE = YES;
				CLANG_WARN__DUPLICATE_METHOD_MATCH = YES;
				"CODE_SIGN_IDENTITY[sdk=iphoneos*]" = "iPhone Developer";
				COPY_PHASE_STRIP = NO;
				DEBUG_INFORMATION_FORMAT = "dwarf-with-dsym";
				ENABLE_NS_ASSERTIONS = NO;
				ENABLE_STRICT_OBJC_MSGSEND = YES;
				GCC_C_LANGUAGE_STANDARD = gnu99;
				GCC_NO_COMMON_BLOCKS = YES;
				GCC_WARN_64_TO_32_BIT_CONVERSION = YES;
				GCC_WARN_ABOUT_RETURN_TYPE = YES_ERROR;
				GCC_WARN_UNDECLARED_SELECTOR = YES;
				GCC_WARN_UNINITIALIZED_AUTOS = YES_AGGRESSIVE;
				GCC_WARN_UNUSED_FUNCTION = YES;
				GCC_WARN_UNUSED_VARIABLE = YES;
				IPHONEOS_DEPLOYMENT_TARGET = 9.0;
				MTL_ENABLE_DEBUG_INFO = NO;
				SDKROOT = iphoneos;
				SWIFT_OPTIMIZATION_LEVEL = "-Owholemodule";
				VALIDATE_PRODUCT = YES;
			};
			name = Release;
		};
		F5FF3D631DCE7EC200BAD7B9 /* Debug */ = {
			isa = XCBuildConfiguration;
			baseConfigurationReference = 13B86A992DA0B6D58BD27562 /* Pods-Addrass-iOS.debug.xcconfig */;
			buildSettings = {
				ASSETCATALOG_COMPILER_APPICON_NAME = AppIcon;
				DEVELOPMENT_TEAM = XFNSPDJ95E;
				INFOPLIST_FILE = "Addrass-iOS/Info.plist";
				IPHONEOS_DEPLOYMENT_TARGET = 9.0;
				LD_RUNPATH_SEARCH_PATHS = "$(inherited) @executable_path/Frameworks";
				PRODUCT_BUNDLE_IDENTIFIER = by.bsu.addrass;
				PRODUCT_NAME = "$(TARGET_NAME)";
				SWIFT_VERSION = 3.0;
			};
			name = Debug;
		};
		F5FF3D641DCE7EC200BAD7B9 /* Release */ = {
			isa = XCBuildConfiguration;
			baseConfigurationReference = BBBB1F8BDF1D554F741711A1 /* Pods-Addrass-iOS.release.xcconfig */;
			buildSettings = {
				ASSETCATALOG_COMPILER_APPICON_NAME = AppIcon;
				DEVELOPMENT_TEAM = XFNSPDJ95E;
				INFOPLIST_FILE = "Addrass-iOS/Info.plist";
				IPHONEOS_DEPLOYMENT_TARGET = 9.0;
				LD_RUNPATH_SEARCH_PATHS = "$(inherited) @executable_path/Frameworks";
				PRODUCT_BUNDLE_IDENTIFIER = by.bsu.addrass;
				PRODUCT_NAME = "$(TARGET_NAME)";
				SWIFT_VERSION = 3.0;
			};
			name = Release;
		};
/* End XCBuildConfiguration section */

/* Begin XCConfigurationList section */
		F5FF3D4B1DCE7EC200BAD7B9 /* Build configuration list for PBXProject "Addrass-iOS" */ = {
			isa = XCConfigurationList;
			buildConfigurations = (
				F5FF3D601DCE7EC200BAD7B9 /* Debug */,
				F5FF3D611DCE7EC200BAD7B9 /* Release */,
			);
			defaultConfigurationIsVisible = 0;
			defaultConfigurationName = Release;
		};
		F5FF3D621DCE7EC200BAD7B9 /* Build configuration list for PBXNativeTarget "Addrass-iOS" */ = {
			isa = XCConfigurationList;
			buildConfigurations = (
				F5FF3D631DCE7EC200BAD7B9 /* Debug */,
				F5FF3D641DCE7EC200BAD7B9 /* Release */,
			);
			defaultConfigurationIsVisible = 0;
			defaultConfigurationName = Release;
		};
/* End XCConfigurationList section */
	};
	rootObject = F5FF3D481DCE7EC200BAD7B9 /* Project object */;
}
